
Microsoft Visual Studio Solution File, Format Version 12.00
# Visual Studio Version 17
VisualStudioVersion = 17.3.32901.215
MinimumVisualStudioVersion = 10.0.40219.1
Project("{9A19103F-16F7-4668-BE54-9A1E7A4F7556}") = "EchoDashboard.Server", "EchoDashboard\Server\EchoDashboard.Server.csproj", "{0674FBF2-738D-43DE-92CD-5A9ED37E0DBF}"
EndProject
Project("{9A19103F-16F7-4668-BE54-9A1E7A4F7556}") = "EchoDashboard.Client", "EchoDashboard\Client\EchoDashboard.Client.csproj", "{61A724EF-FB39-464D-A145-AB4845249CB9}"
EndProject
Project("{9A19103F-16F7-4668-BE54-9A1E7A4F7556}") = "Archive", "Archive\Archive.csproj", "{99BEF604-17DF-433C-A844-CF5D1B723718}"
EndProject
Project("{9A19103F-16F7-4668-BE54-9A1E7A4F7556}") = "Counter", "Counter\Counter.csproj", "{F2C2C9E8-BCAA-4451-BAE8-99D020B0C38E}"
EndProject
Project("{9A19103F-16F7-4668-BE54-9A1E7A4F7556}") = "Platform.Frontend.Framework", "Platform.Frontend.Framework\Platform.Frontend.Framework.csproj", "{A4FC460D-4E70-44EE-9591-3536DAF014A1}"
EndProject
Project("{9A19103F-16F7-4668-BE54-9A1E7A4F7556}") = "LazyLoadBlazorModule", "LazyLoadBlazorModule\LazyLoadBlazorModule.csproj", "{56B91DA5-D094-4A75-9F25-8637205AB3AE}"
EndProject
Global
	GlobalSection(SolutionConfigurationPlatforms) = preSolution
		Debug|Any CPU = Debug|Any CPU
		Release|Any CPU = Release|Any CPU
	EndGlobalSection
	GlobalSection(ProjectConfigurationPlatforms) = postSolution
		{0674FBF2-738D-43DE-92CD-5A9ED37E0DBF}.Debug|Any CPU.ActiveCfg = Debug|Any CPU
		{0674FBF2-738D-43DE-92CD-5A9ED37E0DBF}.Debug|Any CPU.Build.0 = Debug|Any CPU
		{0674FBF2-738D-43DE-92CD-5A9ED37E0DBF}.Release|Any CPU.ActiveCfg = Release|Any CPU
		{0674FBF2-738D-43DE-92CD-5A9ED37E0DBF}.Release|Any CPU.Build.0 = Release|Any CPU
		{61A724EF-FB39-464D-A145-AB4845249CB9}.Debug|Any CPU.ActiveCfg = Debug|Any CPU
		{61A724EF-FB39-464D-A145-AB4845249CB9}.Debug|Any CPU.Build.0 = Debug|Any CPU
		{61A724EF-FB39-464D-A145-AB4845249CB9}.Release|Any CPU.ActiveCfg = Release|Any CPU
		{61A724EF-FB39-464D-A145-AB4845249CB9}.Release|Any CPU.Build.0 = Release|Any CPU
		{99BEF604-17DF-433C-A844-CF5D1B723718}.Debug|Any CPU.ActiveCfg = Debug|Any CPU
		{99BEF604-17DF-433C-A844-CF5D1B723718}.Debug|Any CPU.Build.0 = Debug|Any CPU
		{99BEF604-17DF-433C-A844-CF5D1B723718}.Release|Any CPU.ActiveCfg = Release|Any CPU
		{99BEF604-17DF-433C-A844-CF5D1B723718}.Release|Any CPU.Build.0 = Release|Any CPU
		{F2C2C9E8-BCAA-4451-BAE8-99D020B0C38E}.Debug|Any CPU.ActiveCfg = Debug|Any CPU
		{F2C2C9E8-BCAA-4451-BAE8-99D020B0C38E}.Debug|Any CPU.Build.0 = Debug|Any CPU
		{F2C2C9E8-BCAA-4451-BAE8-99D020B0C38E}.Release|Any CPU.ActiveCfg = Release|Any CPU
		{F2C2C9E8-BCAA-4451-BAE8-99D020B0C38E}.Release|Any CPU.Build.0 = Release|Any CPU
		{A4FC460D-4E70-44EE-9591-3536DAF014A1}.Debug|Any CPU.ActiveCfg = Debug|Any CPU
		{A4FC460D-4E70-44EE-9591-3536DAF014A1}.Debug|Any CPU.Build.0 = Debug|Any CPU
		{A4FC460D-4E70-44EE-9591-3536DAF014A1}.Release|Any CPU.ActiveCfg = Release|Any CPU
		{A4FC460D-4E70-44EE-9591-3536DAF014A1}.Release|Any CPU.Build.0 = Release|Any CPU
		{56B91DA5-D094-4A75-9F25-8637205AB3AE}.Debug|Any CPU.ActiveCfg = Debug|Any CPU
		{56B91DA5-D094-4A75-9F25-8637205AB3AE}.Debug|Any CPU.Build.0 = Debug|Any CPU
		{56B91DA5-D094-4A75-9F25-8637205AB3AE}.Release|Any CPU.ActiveCfg = Release|Any CPU
		{56B91DA5-D094-4A75-9F25-8637205AB3AE}.Release|Any CPU.Build.0 = Release|Any CPU
	EndGlobalSection
	GlobalSection(SolutionProperties) = preSolution
		HideSolutionNode = FALSE
	EndGlobalSection
	GlobalSection(ExtensibilityGlobals) = postSolution
		SolutionGuid = {4240152A-7426-4A84-B885-6A4F90418257}
	EndGlobalSection
EndGlobal
